// !$*UTF8*$!
{
	archiveVersion = 1;
	classes = {
	};
	objectVersion = 46;
	objects = {

/* Begin PBXBuildFile section */
		B1EDBE5A1965F503002E2986 /* Foundation.framework in Frameworks */ = {isa = PBXBuildFile; fileRef = B1EDBE591965F503002E2986 /* Foundation.framework */; };
		B1EDBE5C1965F503002E2986 /* CoreGraphics.framework in Frameworks */ = {isa = PBXBuildFile; fileRef = B1EDBE5B1965F503002E2986 /* CoreGraphics.framework */; };
		B1EDBE5E1965F503002E2986 /* UIKit.framework in Frameworks */ = {isa = PBXBuildFile; fileRef = B1EDBE5D1965F503002E2986 /* UIKit.framework */; };
		B1EDBE641965F503002E2986 /* InfoPlist.strings in Resources */ = {isa = PBXBuildFile; fileRef = B1EDBE621965F503002E2986 /* InfoPlist.strings */; };
		B1EDBE661965F503002E2986 /* main.m in Sources */ = {isa = PBXBuildFile; fileRef = B1EDBE651965F503002E2986 /* main.m */; };
		B1EDBE6A1965F503002E2986 /* AppDelegate.m in Sources */ = {isa = PBXBuildFile; fileRef = B1EDBE691965F503002E2986 /* AppDelegate.m */; };
		B1EDBE6C1965F503002E2986 /* Images.xcassets in Resources */ = {isa = PBXBuildFile; fileRef = B1EDBE6B1965F503002E2986 /* Images.xcassets */; };
		B1EDBE731965F503002E2986 /* XCTest.framework in Frameworks */ = {isa = PBXBuildFile; fileRef = B1EDBE721965F503002E2986 /* XCTest.framework */; };
		B1EDBE741965F503002E2986 /* Foundation.framework in Frameworks */ = {isa = PBXBuildFile; fileRef = B1EDBE591965F503002E2986 /* Foundation.framework */; };
		B1EDBE751965F503002E2986 /* UIKit.framework in Frameworks */ = {isa = PBXBuildFile; fileRef = B1EDBE5D1965F503002E2986 /* UIKit.framework */; };
		B1EDBE7D1965F503002E2986 /* InfoPlist.strings in Resources */ = {isa = PBXBuildFile; fileRef = B1EDBE7B1965F503002E2986 /* InfoPlist.strings */; };
		B1EDBE7F1965F503002E2986 /* MovesTests.m in Sources */ = {isa = PBXBuildFile; fileRef = B1EDBE7E1965F503002E2986 /* MovesTests.m */; };
		B1EDBE8E1965F54E002E2986 /* MainViewController.m in Sources */ = {isa = PBXBuildFile; fileRef = B1EDBE8C1965F54E002E2986 /* MainViewController.m */; };
		B1EDBE8F1965F54E002E2986 /* MainViewController.xib in Resources */ = {isa = PBXBuildFile; fileRef = B1EDBE8D1965F54E002E2986 /* MainViewController.xib */; };
		B1EDBE931965F657002E2986 /* DayViewController.m in Sources */ = {isa = PBXBuildFile; fileRef = B1EDBE911965F657002E2986 /* DayViewController.m */; };
		B1EDBE941965F657002E2986 /* DayViewController.xib in Resources */ = {isa = PBXBuildFile; fileRef = B1EDBE921965F657002E2986 /* DayViewController.xib */; };
/* End PBXBuildFile section */

/* Begin PBXContainerItemProxy section */
		B1EDBE761965F503002E2986 /* PBXContainerItemProxy */ = {
			isa = PBXContainerItemProxy;
			containerPortal = B1EDBE4E1965F503002E2986 /* Project object */;
			proxyType = 1;
			remoteGlobalIDString = B1EDBE551965F503002E2986;
			remoteInfo = Moves;
		};
/* End PBXContainerItemProxy section */

/* Begin PBXFileReference section */
		B1EDBE561965F503002E2986 /* Moves.app */ = {isa = PBXFileReference; explicitFileType = wrapper.application; includeInIndex = 0; path = Moves.app; sourceTree = BUILT_PRODUCTS_DIR; };
		B1EDBE591965F503002E2986 /* Foundation.framework */ = {isa = PBXFileReference; lastKnownFileType = wrapper.framework; name = Foundation.framework; path = System/Library/Frameworks/Foundation.framework; sourceTree = SDKROOT; };
		B1EDBE5B1965F503002E2986 /* CoreGraphics.framework */ = {isa = PBXFileReference; lastKnownFileType = wrapper.framework; name = CoreGraphics.framework; path = System/Library/Frameworks/CoreGraphics.framework; sourceTree = SDKROOT; };
		B1EDBE5D1965F503002E2986 /* UIKit.framework */ = {isa = PBXFileReference; lastKnownFileType = wrapper.framework; name = UIKit.framework; path = System/Library/Frameworks/UIKit.framework; sourceTree = SDKROOT; };
		B1EDBE611965F503002E2986 /* Moves-Info.plist */ = {isa = PBXFileReference; lastKnownFileType = text.plist.xml; path = "Moves-Info.plist"; sourceTree = "<group>"; };
		B1EDBE631965F503002E2986 /* en */ = {isa = PBXFileReference; lastKnownFileType = text.plist.strings; name = en; path = en.lproj/InfoPlist.strings; sourceTree = "<group>"; };
		B1EDBE651965F503002E2986 /* main.m */ = {isa = PBXFileReference; lastKnownFileType = sourcecode.c.objc; path = main.m; sourceTree = "<group>"; };
		B1EDBE671965F503002E2986 /* Moves-Prefix.pch */ = {isa = PBXFileReference; lastKnownFileType = sourcecode.c.h; path = "Moves-Prefix.pch"; sourceTree = "<group>"; };
		B1EDBE681965F503002E2986 /* AppDelegate.h */ = {isa = PBXFileReference; lastKnownFileType = sourcecode.c.h; path = AppDelegate.h; sourceTree = "<group>"; };
		B1EDBE691965F503002E2986 /* AppDelegate.m */ = {isa = PBXFileReference; lastKnownFileType = sourcecode.c.objc; path = AppDelegate.m; sourceTree = "<group>"; };
		B1EDBE6B1965F503002E2986 /* Images.xcassets */ = {isa = PBXFileReference; lastKnownFileType = folder.assetcatalog; path = Images.xcassets; sourceTree = "<group>"; };
		B1EDBE711965F503002E2986 /* MovesTests.xctest */ = {isa = PBXFileReference; explicitFileType = wrapper.cfbundle; includeInIndex = 0; path = MovesTests.xctest; sourceTree = BUILT_PRODUCTS_DIR; };
		B1EDBE721965F503002E2986 /* XCTest.framework */ = {isa = PBXFileReference; lastKnownFileType = wrapper.framework; name = XCTest.framework; path = Library/Frameworks/XCTest.framework; sourceTree = DEVELOPER_DIR; };
		B1EDBE7A1965F503002E2986 /* MovesTests-Info.plist */ = {isa = PBXFileReference; lastKnownFileType = text.plist.xml; path = "MovesTests-Info.plist"; sourceTree = "<group>"; };
		B1EDBE7C1965F503002E2986 /* en */ = {isa = PBXFileReference; lastKnownFileType = text.plist.strings; name = en; path = en.lproj/InfoPlist.strings; sourceTree = "<group>"; };
		B1EDBE7E1965F503002E2986 /* MovesTests.m */ = {isa = PBXFileReference; lastKnownFileType = sourcecode.c.objc; path = MovesTests.m; sourceTree = "<group>"; };
		B1EDBE8B1965F54E002E2986 /* MainViewController.h */ = {isa = PBXFileReference; fileEncoding = 4; lastKnownFileType = sourcecode.c.h; path = MainViewController.h; sourceTree = "<group>"; };
		B1EDBE8C1965F54E002E2986 /* MainViewController.m */ = {isa = PBXFileReference; fileEncoding = 4; lastKnownFileType = sourcecode.c.objc; path = MainViewController.m; sourceTree = "<group>"; };
		B1EDBE8D1965F54E002E2986 /* MainViewController.xib */ = {isa = PBXFileReference; fileEncoding = 4; lastKnownFileType = file.xib; path = MainViewController.xib; sourceTree = "<group>"; };
		B1EDBE901965F657002E2986 /* DayViewController.h */ = {isa = PBXFileReference; fileEncoding = 4; lastKnownFileType = sourcecode.c.h; path = DayViewController.h; sourceTree = "<group>"; };
		B1EDBE911965F657002E2986 /* DayViewController.m */ = {isa = PBXFileReference; fileEncoding = 4; lastKnownFileType = sourcecode.c.objc; path = DayViewController.m; sourceTree = "<group>"; };
		B1EDBE921965F657002E2986 /* DayViewController.xib */ = {isa = PBXFileReference; fileEncoding = 4; lastKnownFileType = file.xib; path = DayViewController.xib; sourceTree = "<group>"; };
/* End PBXFileReference section */

/* Begin PBXFrameworksBuildPhase section */
		B1EDBE531965F503002E2986 /* Frameworks */ = {
			isa = PBXFrameworksBuildPhase;
			buildActionMask = 2147483647;
			files = (
				B1EDBE5C1965F503002E2986 /* CoreGraphics.framework in Frameworks */,
				B1EDBE5E1965F503002E2986 /* UIKit.framework in Frameworks */,
				B1EDBE5A1965F503002E2986 /* Foundation.framework in Frameworks */,
			);
			runOnlyForDeploymentPostprocessing = 0;
		};
		B1EDBE6E1965F503002E2986 /* Frameworks */ = {
			isa = PBXFrameworksBuildPhase;
			buildActionMask = 2147483647;
			files = (
				B1EDBE731965F503002E2986 /* XCTest.framework in Frameworks */,
				B1EDBE751965F503002E2986 /* UIKit.framework in Frameworks */,
				B1EDBE741965F503002E2986 /* Foundation.framework in Frameworks */,
			);
			runOnlyForDeploymentPostprocessing = 0;
		};
/* End PBXFrameworksBuildPhase section */

/* Begin PBXGroup section */
		B1EDBE4D1965F503002E2986 = {
			isa = PBXGroup;
			children = (
				B1EDBE5F1965F503002E2986 /* Moves */,
				B1EDBE781965F503002E2986 /* MovesTests */,
				B1EDBE581965F503002E2986 /* Frameworks */,
				B1EDBE571965F503002E2986 /* Products */,
			);
			sourceTree = "<group>";
		};
		B1EDBE571965F503002E2986 /* Products */ = {
			isa = PBXGroup;
			children = (
				B1EDBE561965F503002E2986 /* Moves.app */,
				B1EDBE711965F503002E2986 /* MovesTests.xctest */,
			);
			name = Products;
			sourceTree = "<group>";
		};
		B1EDBE581965F503002E2986 /* Frameworks */ = {
			isa = PBXGroup;
			children = (
				B1EDBE591965F503002E2986 /* Foundation.framework */,
				B1EDBE5B1965F503002E2986 /* CoreGraphics.framework */,
				B1EDBE5D1965F503002E2986 /* UIKit.framework */,
				B1EDBE721965F503002E2986 /* XCTest.framework */,
			);
			name = Frameworks;
			sourceTree = "<group>";
		};
		B1EDBE5F1965F503002E2986 /* Moves */ = {
			isa = PBXGroup;
			children = (
				B1EDBE681965F503002E2986 /* AppDelegate.h */,
				B1EDBE691965F503002E2986 /* AppDelegate.m */,
				B1EDBE8B1965F54E002E2986 /* MainViewController.h */,
				B1EDBE8C1965F54E002E2986 /* MainViewController.m */,
				B1EDBE8D1965F54E002E2986 /* MainViewController.xib */,
				B1EDBE901965F657002E2986 /* DayViewController.h */,
				B1EDBE911965F657002E2986 /* DayViewController.m */,
				B1EDBE921965F657002E2986 /* DayViewController.xib */,
				B1EDBE6B1965F503002E2986 /* Images.xcassets */,
				B1EDBE601965F503002E2986 /* Supporting Files */,
			);
			path = Moves;
			sourceTree = "<group>";
		};
		B1EDBE601965F503002E2986 /* Supporting Files */ = {
			isa = PBXGroup;
			children = (
				B1EDBE611965F503002E2986 /* Moves-Info.plist */,
				B1EDBE621965F503002E2986 /* InfoPlist.strings */,
				B1EDBE651965F503002E2986 /* main.m */,
				B1EDBE671965F503002E2986 /* Moves-Prefix.pch */,
			);
			name = "Supporting Files";
			sourceTree = "<group>";
		};
		B1EDBE781965F503002E2986 /* MovesTests */ = {
			isa = PBXGroup;
			children = (
				B1EDBE7E1965F503002E2986 /* MovesTests.m */,
				B1EDBE791965F503002E2986 /* Supporting Files */,
			);
			path = MovesTests;
			sourceTree = "<group>";
		};
		B1EDBE791965F503002E2986 /* Supporting Files */ = {
			isa = PBXGroup;
			children = (
				B1EDBE7A1965F503002E2986 /* MovesTests-Info.plist */,
				B1EDBE7B1965F503002E2986 /* InfoPlist.strings */,
			);
			name = "Supporting Files";
			sourceTree = "<group>";
		};
/* End PBXGroup section */

/* Begin PBXNativeTarget section */
		B1EDBE551965F503002E2986 /* Moves */ = {
			isa = PBXNativeTarget;
			buildConfigurationList = B1EDBE821965F503002E2986 /* Build configuration list for PBXNativeTarget "Moves" */;
			buildPhases = (
				B1EDBE521965F503002E2986 /* Sources */,
				B1EDBE531965F503002E2986 /* Frameworks */,
				B1EDBE541965F503002E2986 /* Resources */,
			);
			buildRules = (
			);
			dependencies = (
			);
			name = Moves;
			productName = Moves;
			productReference = B1EDBE561965F503002E2986 /* Moves.app */;
			productType = "com.apple.product-type.application";
		};
		B1EDBE701965F503002E2986 /* MovesTests */ = {
			isa = PBXNativeTarget;
			buildConfigurationList = B1EDBE851965F503002E2986 /* Build configuration list for PBXNativeTarget "MovesTests" */;
			buildPhases = (
				B1EDBE6D1965F503002E2986 /* Sources */,
				B1EDBE6E1965F503002E2986 /* Frameworks */,
				B1EDBE6F1965F503002E2986 /* Resources */,
			);
			buildRules = (
			);
			dependencies = (
				B1EDBE771965F503002E2986 /* PBXTargetDependency */,
			);
			name = MovesTests;
			productName = MovesTests;
			productReference = B1EDBE711965F503002E2986 /* MovesTests.xctest */;
			productType = "com.apple.product-type.bundle.unit-test";
		};
/* End PBXNativeTarget section */

/* Begin PBXProject section */
		B1EDBE4E1965F503002E2986 /* Project object */ = {
			isa = PBXProject;
			attributes = {
				LastUpgradeCheck = 0510;
				ORGANIZATIONNAME = "Billy Roh";
				TargetAttributes = {
					B1EDBE701965F503002E2986 = {
						TestTargetID = B1EDBE551965F503002E2986;
					};
				};
			};
			buildConfigurationList = B1EDBE511965F503002E2986 /* Build configuration list for PBXProject "Moves" */;
			compatibilityVersion = "Xcode 3.2";
			developmentRegion = English;
			hasScannedForEncodings = 0;
			knownRegions = (
				en,
			);
			mainGroup = B1EDBE4D1965F503002E2986;
			productRefGroup = B1EDBE571965F503002E2986 /* Products */;
			projectDirPath = "";
			projectRoot = "";
			targets = (
				B1EDBE551965F503002E2986 /* Moves */,
				B1EDBE701965F503002E2986 /* MovesTests */,
			);
		};
/* End PBXProject section */

/* Begin PBXResourcesBuildPhase section */
		B1EDBE541965F503002E2986 /* Resources */ = {
			isa = PBXResourcesBuildPhase;
			buildActionMask = 2147483647;
			files = (
				B1EDBE641965F503002E2986 /* InfoPlist.strings in Resources */,
				B1EDBE8F1965F54E002E2986 /* MainViewController.xib in Resources */,
				B1EDBE6C1965F503002E2986 /* Images.xcassets in Resources */,
				B1EDBE941965F657002E2986 /* DayViewController.xib in Resources */,
			);
			runOnlyForDeploymentPostprocessing = 0;
		};
		B1EDBE6F1965F503002E2986 /* Resources */ = {
			isa = PBXResourcesBuildPhase;
			buildActionMask = 2147483647;
			files = (
				B1EDBE7D1965F503002E2986 /* InfoPlist.strings in Resources */,
			);
			runOnlyForDeploymentPostprocessing = 0;
		};
/* End PBXResourcesBuildPhase section */

/* Begin PBXSourcesBuildPhase section */
		B1EDBE521965F503002E2986 /* Sources */ = {
			isa = PBXSourcesBuildPhase;
			buildActionMask = 2147483647;
			files = (
				B1EDBE6A1965F503002E2986 /* AppDelegate.m in Sources */,
				B1EDBE8E1965F54E002E2986 /* MainViewController.m in Sources */,
				B1EDBE661965F503002E2986 /* main.m in Sources */,
				B1EDBE931965F657002E2986 /* DayViewController.m in Sources */,
			);
			runOnlyForDeploymentPostprocessing = 0;
		};
		B1EDBE6D1965F503002E2986 /* Sources */ = {
			isa = PBXSourcesBuildPhase;
			buildActionMask = 2147483647;
			files = (
				B1EDBE7F1965F503002E2986 /* MovesTests.m in Sources */,
			);
			runOnlyForDeploymentPostprocessing = 0;
		};
/* End PBXSourcesBuildPhase section */

/* Begin PBXTargetDependency section */
		B1EDBE771965F503002E2986 /* PBXTargetDependency */ = {
			isa = PBXTargetDependency;
			target = B1EDBE551965F503002E2986 /* Moves */;
			targetProxy = B1EDBE761965F503002E2986 /* PBXContainerItemProxy */;
		};
/* End PBXTargetDependency section */

/* Begin PBXVariantGroup section */
		B1EDBE621965F503002E2986 /* InfoPlist.strings */ = {
			isa = PBXVariantGroup;
			children = (
				B1EDBE631965F503002E2986 /* en */,
			);
			name = InfoPlist.strings;
			sourceTree = "<group>";
		};
		B1EDBE7B1965F503002E2986 /* InfoPlist.strings */ = {
			isa = PBXVariantGroup;
			children = (
				B1EDBE7C1965F503002E2986 /* en */,
			);
			name = InfoPlist.strings;
			sourceTree = "<group>";
		};
/* End PBXVariantGroup section */

/* Begin XCBuildConfiguration section */
		B1EDBE801965F503002E2986 /* Debug */ = {
			isa = XCBuildConfiguration;
			buildSettings = {
				ALWAYS_SEARCH_USER_PATHS = NO;
				CLANG_CXX_LANGUAGE_STANDARD = "gnu++0x";
				CLANG_CXX_LIBRARY = "libc++";
				CLANG_ENABLE_MODULES = YES;
				CLANG_ENABLE_OBJC_ARC = YES;
				CLANG_WARN_BOOL_CONVERSION = YES;
				CLANG_WARN_CONSTANT_CONVERSION = YES;
				CLANG_WARN_DIRECT_OBJC_ISA_USAGE = YES_ERROR;
				CLANG_WARN_EMPTY_BODY = YES;
				CLANG_WARN_ENUM_CONVERSION = YES;
				CLANG_WARN_INT_CONVERSION = YES;
				CLANG_WARN_OBJC_ROOT_CLASS = YES_ERROR;
				CLANG_WARN__DUPLICATE_METHOD_MATCH = YES;
				"CODE_SIGN_IDENTITY[sdk=iphoneos*]" = "iPhone Developer";
				COPY_PHASE_STRIP = NO;
				GCC_C_LANGUAGE_STANDARD = gnu99;
				GCC_DYNAMIC_NO_PIC = NO;
				GCC_OPTIMIZATION_LEVEL = 0;
				GCC_PREPROCESSOR_DEFINITIONS = (
					"DEBUG=1",
					"$(inherited)",
				);
				GCC_SYMBOLS_PRIVATE_EXTERN = NO;
				GCC_WARN_64_TO_32_BIT_CONVERSION = YES;
				GCC_WARN_ABOUT_RETURN_TYPE = YES_ERROR;
				GCC_WARN_UNDECLARED_SELECTOR = YES;
				GCC_WARN_UNINITIALIZED_AUTOS = YES_AGGRESSIVE;
				GCC_WARN_UNUSED_FUNCTION = YES;
				GCC_WARN_UNUSED_VARIABLE = YES;
				IPHONEOS_DEPLOYMENT_TARGET = 7.1;
				ONLY_ACTIVE_ARCH = YES;
				SDKROOT = iphoneos;
				TARGETED_DEVICE_FAMILY = "1,2";
			};
			name = Debug;
		};
		B1EDBE811965F503002E2986 /* Release */ = {
			isa = XCBuildConfiguration;
			buildSettings = {
				ALWAYS_SEARCH_USER_PATHS = NO;
				CLANG_CXX_LANGUAGE_STANDARD = "gnu++0x";
				CLANG_CXX_LIBRARY = "libc++";
				CLANG_ENABLE_MODULES = YES;
				CLANG_ENABLE_OBJC_ARC = YES;
				CLANG_WARN_BOOL_CONVERSION = YES;
				CLANG_WARN_CONSTANT_CONVERSION = YES;
				CLANG_WARN_DIRECT_OBJC_ISA_USAGE = YES_ERROR;
				CLANG_WARN_EMPTY_BODY = YES;
				CLANG_WARN_ENUM_CONVERSION = YES;
				CLANG_WARN_INT_CONVERSION = YES;
				CLANG_WARN_OBJC_ROOT_CLASS = YES_ERROR;
				CLANG_WARN__DUPLICATE_METHOD_MATCH = YES;
				"CODE_SIGN_IDENTITY[sdk=iphoneos*]" = "iPhone Developer";
				COPY_PHASE_STRIP = YES;
				ENABLE_NS_ASSERTIONS = NO;
				GCC_C_LANGUAGE_STANDARD = gnu99;
				GCC_WARN_64_TO_32_BIT_CONVERSION = YES;
				GCC_WARN_ABOUT_RETURN_TYPE = YES_ERROR;
				GCC_WARN_UNDECLARED_SELECTOR = YES;
				GCC_WARN_UNINITIALIZED_AUTOS = YES_AGGRESSIVE;
				GCC_WARN_UNUSED_FUNCTION = YES;
				GCC_WARN_UNUSED_VARIABLE = YES;
				IPHONEOS_DEPLOYMENT_TARGET = 7.1;
				SDKROOT = iphoneos;
				TARGETED_DEVICE_FAMILY = "1,2";
				VALIDATE_PRODUCT = YES;
			};
			name = Release;
		};
		B1EDBE831965F503002E2986 /* Debug */ = {
			isa = XCBuildConfiguration;
			buildSettings = {
				ASSETCATALOG_COMPILER_APPICON_NAME = AppIcon;
				ASSETCATALOG_COMPILER_LAUNCHIMAGE_NAME = LaunchImage;
				GCC_PRECOMPILE_PREFIX_HEADER = YES;
				GCC_PREFIX_HEADER = "Moves/Moves-Prefix.pch";
				INFOPLIST_FILE = "Moves/Moves-Info.plist";
				PRODUCT_NAME = "$(TARGET_NAME)";
				WRAPPER_EXTENSION = app;
			};
			name = Debug;
		};
		B1EDBE841965F503002E2986 /* Release */ = {
			isa = XCBuildConfiguration;
			buildSettings = {
				ASSETCATALOG_COMPILER_APPICON_NAME = AppIcon;
				ASSETCATALOG_COMPILER_LAUNCHIMAGE_NAME = LaunchImage;
				GCC_PRECOMPILE_PREFIX_HEADER = YES;
				GCC_PREFIX_HEADER = "Moves/Moves-Prefix.pch";
				INFOPLIST_FILE = "Moves/Moves-Info.plist";
				PRODUCT_NAME = "$(TARGET_NAME)";
				WRAPPER_EXTENSION = app;
			};
			name = Release;
		};
		B1EDBE861965F503002E2986 /* Debug */ = {
			isa = XCBuildConfiguration;
			buildSettings = {
				BUNDLE_LOADER = "$(BUILT_PRODUCTS_DIR)/Moves.app/Moves";
				FRAMEWORK_SEARCH_PATHS = (
					"$(SDKROOT)/Developer/Library/Frameworks",
					"$(inherited)",
					"$(DEVELOPER_FRAMEWORKS_DIR)",
				);
				GCC_PRECOMPILE_PREFIX_HEADER = YES;
				GCC_PREFIX_HEADER = "Moves/Moves-Prefix.pch";
				GCC_PREPROCESSOR_DEFINITIONS = (
					"DEBUG=1",
					"$(inherited)",
				);
				INFOPLIST_FILE = "MovesTests/MovesTests-Info.plist";
				PRODUCT_NAME = "$(TARGET_NAME)";
				TEST_HOST = "$(BUNDLE_LOADER)";
				WRAPPER_EXTENSION = xctest;
			};
			name = Debug;
		};
		B1EDBE871965F503002E2986 /* Release */ = {
			isa = XCBuildConfiguration;
			buildSettings = {
				BUNDLE_LOADER = "$(BUILT_PRODUCTS_DIR)/Moves.app/Moves";
				FRAMEWORK_SEARCH_PATHS = (
					"$(SDKROOT)/Developer/Library/Frameworks",
					"$(inherited)",
					"$(DEVELOPER_FRAMEWORKS_DIR)",
				);
				GCC_PRECOMPILE_PREFIX_HEADER = YES;
				GCC_PREFIX_HEADER = "Moves/Moves-Prefix.pch";
				INFOPLIST_FILE = "MovesTests/MovesTests-Info.plist";
				PRODUCT_NAME = "$(TARGET_NAME)";
				TEST_HOST = "$(BUNDLE_LOADER)";
				WRAPPER_EXTENSION = xctest;
			};
			name = Release;
		};
/* End XCBuildConfiguration section */

/* Begin XCConfigurationList section */
		B1EDBE511965F503002E2986 /* Build configuration list for PBXProject "Moves" */ = {
			isa = XCConfigurationList;
			buildConfigurations = (
				B1EDBE801965F503002E2986 /* Debug */,
				B1EDBE811965F503002E2986 /* Release */,
			);
			defaultConfigurationIsVisible = 0;
			defaultConfigurationName = Release;
		};
		B1EDBE821965F503002E2986 /* Build configuration list for PBXNativeTarget "Moves" */ = {
			isa = XCConfigurationList;
			buildConfigurations = (
				B1EDBE831965F503002E2986 /* Debug */,
				B1EDBE841965F503002E2986 /* Release */,
			);
			defaultConfigurationIsVisible = 0;
		};
		B1EDBE851965F503002E2986 /* Build configuration list for PBXNativeTarget "MovesTests" */ = {
			isa = XCConfigurationList;
			buildConfigurations = (
				B1EDBE861965F503002E2986 /* Debug */,
				B1EDBE871965F503002E2986 /* Release */,
			);
			defaultConfigurationIsVisible = 0;
		};
/* End XCConfigurationList section */
	};
	rootObject = B1EDBE4E1965F503002E2986 /* Project object */;
}
